{
  "version": 4,
  "terraform_version": "1.4.0",
  "serial": 6,
  "lineage": "6f8898e8-6f81-7436-2cc2-66cdfd65b70a",
  "outputs": {
    "public_ip_address": {
      "value": "34.118.58.133",
      "type": "string"
    }
  },
  "resources": [
    {
      "mode": "managed",
      "type": "google_compute_address",
      "name": "static",
      "provider": "provider[\"registry.terraform.io/hashicorp/google\"]",
      "instances": [
        {
          "schema_version": 0,
          "attributes": {
            "address": "34.118.58.133",
            "address_type": "EXTERNAL",
            "creation_timestamp": "2022-12-02T10:37:38.013-08:00",
            "description": "",
            "id": "projects/luminous-byway-370313/regions/europe-central2/addresses/address",
            "name": "address",
            "network_tier": "PREMIUM",
            "project": "luminous-byway-370313",
            "purpose": "",
            "region": "europe-central2",
            "self_link": "https://www.googleapis.com/compute/v1/projects/luminous-byway-370313/regions/europe-central2/addresses/address",
            "subnetwork": "",
            "timeouts": null,
            "users": []
          },
          "sensitive_attributes": [],
          "private": "eyJlMmJmYjczMC1lY2FhLTExZTYtOGY4OC0zNDM2M2JjN2M0YzAiOnsiY3JlYXRlIjoyNDAwMDAwMDAwMDAsImRlbGV0ZSI6MjQwMDAwMDAwMDAwfX0="
        }
      ]
    },
    {
      "mode": "managed",
      "type": "google_compute_firewall",
      "name": "allow_http",
      "provider": "provider[\"registry.terraform.io/hashicorp/google\"]",
      "instances": [
        {
          "schema_version": 1,
          "attributes": {
            "allow": [
              {
                "ports": [
                  "80"
                ],
                "protocol": "tcp"
              }
            ],
            "creation_timestamp": "2022-12-02T10:37:36.839-08:00",
            "deny": [],
            "description": "",
            "destination_ranges": [],
            "direction": "INGRESS",
            "disabled": false,
            "enable_logging": false,
            "id": "projects/luminous-byway-370313/global/firewalls/allow-http-rule",
            "name": "allow-http-rule",
            "network": "https://www.googleapis.com/compute/v1/projects/luminous-byway-370313/global/networks/default",
            "priority": 1000,
            "project": "luminous-byway-370313",
            "self_link": "https://www.googleapis.com/compute/v1/projects/luminous-byway-370313/global/firewalls/allow-http-rule",
            "source_ranges": [
              "0.0.0.0/0"
            ],
            "source_service_accounts": [],
            "source_tags": [],
            "target_service_accounts": [],
            "target_tags": [
              "allow-http"
            ],
            "timeouts": null
          },
          "sensitive_attributes": [],
          "private": "eyJlMmJmYjczMC1lY2FhLTExZTYtOGY4OC0zNDM2M2JjN2M0YzAiOnsiY3JlYXRlIjoyNDAwMDAwMDAwMDAsImRlbGV0ZSI6MjQwMDAwMDAwMDAwLCJ1cGRhdGUiOjI0MDAwMDAwMDAwMH0sInNjaGVtYV92ZXJzaW9uIjoiMSJ9"
        }
      ]
    }
  ],
  "check_results": null
}
